{
  "name": "traces-mcp-agents",
  "lockfileVersion": 3,
  "requires": true,
  "packages": {
    "": {
      "name": "traces-mcp-agents",
      "dependencies": {
        "openai": "^6.0.0",
        "zod": "^4.4.3"
      }
    },
    "node_modules/openai": {
      "version": "6.44.0",
      "resolved": "https://registry.npmjs.org/openai/-/openai-6.44.0.tgz",
      "integrity": "sha512-09/gH+8jH0RgUwsgWHAaxsKGRT5zVZ95IaJUnqAWj6XejIBmnFRwq2WUIF37VtDEsmGrtPmvCs5+yBSeZGWvkA==",
      "license": "Apache-2.0",
      "peerDependencies": {
        "ws": "^8.18.0",
        "zod": "^3.25 || ^4.0"
      },
      "peerDependenciesMeta": {
        "ws": {
          "optional": true
        },
        "zod": {
          "optional": true
        }
      }
    },
    "node_modules/zod": {
      "version": "4.4.3",
      "resolved": "https://registry.npmjs.org/zod/-/zod-4.4.3.tgz",
      "integrity": "sha512-ytENFjIJFl2UwYglde2jchW2Hwm4GJFLDiSXWdTrJQBIN9Fcyp7n4DhxJEiWNAJMV1/BqWfW/kkg71UDcHJyTQ==",
      "license": "MIT",
      "funding": {
        "url": "https://github.com/sponsors/colinhacks"
      }
    }
  }
}
